
Microsoft Visual Studio Solution File, Format Version 12.00
# Visual Studio 14
VisualStudioVersion = 14.0.23107.0
MinimumVisualStudioVersion = 10.0.40219.1
Project("{FAE04EC0-301F-11D3-BF4B-00C04F79EFBC}") = "EStruyf.DaemonApplication", "EStruyf.DaemonApplication\EStruyf.DaemonApplication.csproj", "{B396E333-7392-4A1F-9A64-0AF6D34790A6}"
EndProject
Global
	GlobalSection(SolutionConfigurationPlatforms) = preSolution
		Debug|Any CPU = Debug|Any CPU
		Release|Any CPU = Release|Any CPU
	EndGlobalSection
	GlobalSection(ProjectConfigurationPlatforms) = postSolution
		{B396E333-7392-4A1F-9A64-0AF6D34790A6}.Debug|Any CPU.ActiveCfg = Debug|Any CPU
		{B396E333-7392-4A1F-9A64-0AF6D34790A6}.Debug|Any CPU.Build.0 = Debug|Any CPU
		{B396E333-7392-4A1F-9A64-0AF6D34790A6}.Release|Any CPU.ActiveCfg = Release|Any CPU
		{B396E333-7392-4A1F-9A64-0AF6D34790A6}.Release|Any CPU.Build.0 = Release|Any CPU
	EndGlobalSection
	GlobalSection(SolutionProperties) = preSolution
		HideSolutionNode = FALSE
	EndGlobalSection
EndGlobal
